<?xml version="1.0" encoding="utf-8"?>
<Project ToolsVersion="4.0" xmlns="http://schemas.microsoft.com/developer/msbuild/2003">
  <ItemGroup>
    <Filter Include="mephy2d">
      <UniqueIdentifier>{1fc5e857-034f-4604-a024-724213e68f08}</UniqueIdentifier>
    </Filter>
  </ItemGroup>
  <ItemGroup>
    <ClCompile Include="dllmain.cpp" />
    <ClCompile Include="MEPhy2D.cpp" />
    <ClCompile Include="mephy2d\Entity.cpp">
      <Filter>mephy2d</Filter>
    </ClCompile>
    <ClCompile Include="mephy2d\SceneManagerComponent.cpp">
      <Filter>mephy2d</Filter>
    </ClCompile>
    <ClCompile Include="mephy2d\SceneComponent.cpp">
      <Filter>mephy2d</Filter>
    </ClCompile>
    <ClCompile Include="mephy2d\GameComponent.cpp">
      <Filter>mephy2d</Filter>
    </ClCompile>
  </ItemGroup>
  <ItemGroup>
    <ClInclude Include="MEPhy2D.h" />
    <ClInclude Include="mephy2d\Entity.h">
      <Filter>mephy2d</Filter>
    </ClInclude>
    <ClInclude Include="mephy2d\SceneManagerComponent.h">
      <Filter>mephy2d</Filter>
    </ClInclude>
    <ClInclude Include="mephy2d\SceneComponent.h">
      <Filter>mephy2d</Filter>
    </ClInclude>
    <ClInclude Include="mephy2d\GameComponent.h">
      <Filter>mephy2d</Filter>
    </ClInclude>
  </ItemGroup>
</Project>